
Microsoft Visual Studio Solution File, Format Version 12.00
# Visual Studio 14
VisualStudioVersion = 14.0.25420.1
MinimumVisualStudioVersion = 10.0.40219.1
Project("{FAE04EC0-301F-11D3-BF4B-00C04F79EFBC}") = "WindowsFormsApplication1", "WindowsFormsApplication1\WindowsFormsApplication1.csproj", "{80ACAFF3-7B8A-493A-8EAF-0B4CACB2DA53}"
EndProject
Project("{FAE04EC0-301F-11D3-BF4B-00C04F79EFBC}") = "DAL", "DAL\DAL.csproj", "{BA2019E0-9743-49E6-872F-40BA69B6968C}"
EndProject
Global
	GlobalSection(SolutionConfigurationPlatforms) = preSolution
		Debug|Any CPU = Debug|Any CPU
		Release|Any CPU = Release|Any CPU
	EndGlobalSection
	GlobalSection(ProjectConfigurationPlatforms) = postSolution
		{80ACAFF3-7B8A-493A-8EAF-0B4CACB2DA53}.Debug|Any CPU.ActiveCfg = Debug|Any CPU
		{80ACAFF3-7B8A-493A-8EAF-0B4CACB2DA53}.Debug|Any CPU.Build.0 = Debug|Any CPU
		{80ACAFF3-7B8A-493A-8EAF-0B4CACB2DA53}.Release|Any CPU.ActiveCfg = Release|Any CPU
		{80ACAFF3-7B8A-493A-8EAF-0B4CACB2DA53}.Release|Any CPU.Build.0 = Release|Any CPU
		{BA2019E0-9743-49E6-872F-40BA69B6968C}.Debug|Any CPU.ActiveCfg = Debug|Any CPU
		{BA2019E0-9743-49E6-872F-40BA69B6968C}.Debug|Any CPU.Build.0 = Debug|Any CPU
		{BA2019E0-9743-49E6-872F-40BA69B6968C}.Release|Any CPU.ActiveCfg = Release|Any CPU
		{BA2019E0-9743-49E6-872F-40BA69B6968C}.Release|Any CPU.Build.0 = Release|Any CPU
	EndGlobalSection
	GlobalSection(SolutionProperties) = preSolution
		HideSolutionNode = FALSE
	EndGlobalSection
EndGlobal
